lockfileVersion: 5.4

specifiers:
  bluebird: ^3.1.1
  ftp: ^0.3.10
  lodash.defaults: ^3.1.2

dependencies:
  bluebird: 3.7.2
  ftp: 0.3.10
  lodash.defaults: 3.1.2

packages:

  /bluebird/3.7.2:
    resolution: {integrity: sha512-XpNj6GDQzdfW+r2Wnn7xiSAd7TM3jzkxGXBGTtWKuSXv1xUV+azxAm8jdWZN06QTQk+2N2XB9jRDkvbmQmcRtg==}
    dev: false

  /core-util-is/1.0.3:
    resolution: {integrity: sha512-ZQBvi1DcpJ4GDqanjucZ2Hj3wEO5pZDS89BWbkcrvdxksJorwUDDZamX9ldFkp9aw2lmBDLgkObEA4DWNJ9FYQ==}
    dev: false

  /ftp/0.3.10:
    resolution: {integrity: sha1-kZfYYa2BQvPmPVqDv+TFn3MwiF0=}
    engines: {node: '>=0.8.0'}
    dependencies:
      readable-stream: 1.1.14
      xregexp: 2.0.0
    dev: false

  /inherits/2.0.4:
    resolution: {integrity: sha512-k/vGaX4/Yla3WzyMCvTQOXYeIHvqOKtnqBduzTHpzpQZzAskKMhZ2K+EnBiSM9zGSoIFeMpXKxa4dYeZIQqewQ==}
    dev: false

  /isarray/0.0.1:
    resolution: {integrity: sha1-ihis/Kmo9Bd+Cav8YDiTmwXR7t8=}
    dev: false

  /lodash._baseassign/3.2.0:
    resolution: {integrity: sha1-jDigmVAPIVrQnlnxci/QxSv+Ck4=}
    dependencies:
      lodash._basecopy: 3.0.1
      lodash.keys: 3.1.2
    dev: false

  /lodash._basecopy/3.0.1:
    resolution: {integrity: sha1-jaDmqHbPNEwK2KVIghEd08XHyjY=}
    dev: false

  /lodash._bindcallback/3.0.1:
    resolution: {integrity: sha1-5THCdkTPi1epnhftlbNcdIeJOS4=}
    dev: false

  /lodash._createassigner/3.1.1:
    resolution: {integrity: sha1-g4pbri/aymOsIt7o4Z+k5taXCxE=}
    dependencies:
      lodash._bindcallback: 3.0.1
      lodash._isiterateecall: 3.0.9
      lodash.restparam: 3.6.1
    dev: false

  /lodash._getnative/3.9.1:
    resolution: {integrity: sha1-VwvH3t5G1hzc3mh9ZdPuy6o6r/U=}
    dev: false

  /lodash._isiterateecall/3.0.9:
    resolution: {integrity: sha1-UgOte6Ql+uhCRg5pbbnPPmqsBXw=}
    dev: false

  /lodash.assign/3.2.0:
    resolution: {integrity: sha1-POnwI0tLIiPilrj6CsH+6OvKZPo=}
    dependencies:
      lodash._baseassign: 3.2.0
      lodash._createassigner: 3.1.1
      lodash.keys: 3.1.2
    dev: false

  /lodash.defaults/3.1.2:
    resolution: {integrity: sha1-xzCLGNv4vJNy1wGnNJPGEZK9Liw=}
    dependencies:
      lodash.assign: 3.2.0
      lodash.restparam: 3.6.1
    dev: false

  /lodash.isarguments/3.1.0:
    resolution: {integrity: sha1-L1c9hcaiQon/AGY7SRwdM4/zRYo=}
    dev: false

  /lodash.isarray/3.0.4:
    resolution: {integrity: sha1-eeTriMNqgSKvhvhEqpvNhRtfu1U=}
    dev: false

  /lodash.keys/3.1.2:
    resolution: {integrity: sha1-TbwEcrFWvlCgsoaFXRvQsMZWCYo=}
    dependencies:
      lodash._getnative: 3.9.1
      lodash.isarguments: 3.1.0
      lodash.isarray: 3.0.4
    dev: false

  /lodash.restparam/3.6.1:
    resolution: {integrity: sha1-k2pOMJ7zMKdkXtQUWYbIWuWyCAU=}
    dev: false

  /readable-stream/1.1.14:
    resolution: {integrity: sha1-fPTFTvZI44EwhMY23SB54WbAgdk=}
    dependencies:
      core-util-is: 1.0.3
      inherits: 2.0.4
      isarray: 0.0.1
      string_decoder: 0.10.31
    dev: false

  /string_decoder/0.10.31:
    resolution: {integrity: sha1-YuIDvEF2bGwoyfyEMB2rHFMQ+pQ=}
    dev: false

  /xregexp/2.0.0:
    resolution: {integrity: sha1-UqY+VsoLhKfzpfPWGHLxJq16WUM=}
    dev: false
